
Microsoft Visual Studio Solution File, Format Version 12.00
# Visual Studio Version 16
VisualStudioVersion = 16.0.30804.86
MinimumVisualStudioVersion = 10.0.40219.1
Project("{FAE04EC0-301F-11D3-BF4B-00C04F79EFBC}") = "Strategy Pattern", "Strategy Pattern.csproj", "{C9B884E2-154D-49EC-BEE7-D86AD0426A17}"
EndProject
Global
	GlobalSection(SolutionConfigurationPlatforms) = preSolution
		Debug|Any CPU = Debug|Any CPU
		Release|Any CPU = Release|Any CPU
	EndGlobalSection
	GlobalSection(ProjectConfigurationPlatforms) = postSolution
		{C9B884E2-154D-49EC-BEE7-D86AD0426A17}.Debug|Any CPU.ActiveCfg = Debug|Any CPU
		{C9B884E2-154D-49EC-BEE7-D86AD0426A17}.Debug|Any CPU.Build.0 = Debug|Any CPU
		{C9B884E2-154D-49EC-BEE7-D86AD0426A17}.Release|Any CPU.ActiveCfg = Release|Any CPU
		{C9B884E2-154D-49EC-BEE7-D86AD0426A17}.Release|Any CPU.Build.0 = Release|Any CPU
	EndGlobalSection
	GlobalSection(SolutionProperties) = preSolution
		HideSolutionNode = FALSE
	EndGlobalSection
	GlobalSection(ExtensibilityGlobals) = postSolution
		SolutionGuid = {A070626B-F097-4B3D-9A57-9B3E638FF327}
	EndGlobalSection
EndGlobal
